
Microsoft Visual Studio Solution File, Format Version 12.00
# Visual Studio Version 17
VisualStudioVersion = 17.7.34018.315
MinimumVisualStudioVersion = 10.0.40219.1
Project("{FAE04EC0-301F-11D3-BF4B-00C04F79EFBC}") = "uppgift3", "uppgift3\uppgift3.csproj", "{FF0FCD21-5752-4A43-B604-394FF6289DC4}"
EndProject
Global
	GlobalSection(SolutionConfigurationPlatforms) = preSolution
		Debug|Any CPU = Debug|Any CPU
		Release|Any CPU = Release|Any CPU
	EndGlobalSection
	GlobalSection(ProjectConfigurationPlatforms) = postSolution
		{FF0FCD21-5752-4A43-B604-394FF6289DC4}.Debug|Any CPU.ActiveCfg = Debug|Any CPU
		{FF0FCD21-5752-4A43-B604-394FF6289DC4}.Debug|Any CPU.Build.0 = Debug|Any CPU
		{FF0FCD21-5752-4A43-B604-394FF6289DC4}.Release|Any CPU.ActiveCfg = Release|Any CPU
		{FF0FCD21-5752-4A43-B604-394FF6289DC4}.Release|Any CPU.Build.0 = Release|Any CPU
	EndGlobalSection
	GlobalSection(SolutionProperties) = preSolution
		HideSolutionNode = FALSE
	EndGlobalSection
	GlobalSection(ExtensibilityGlobals) = postSolution
		SolutionGuid = {9395E8C1-6562-4C10-BCDA-F57E567B81C2}
	EndGlobalSection
EndGlobal
