
Microsoft Visual Studio Solution File, Format Version 12.00
# Visual Studio Version 17
VisualStudioVersion = 17.7.34018.315
MinimumVisualStudioVersion = 10.0.40219.1
Project("{FAE04EC0-301F-11D3-BF4B-00C04F79EFBC}") = "Uppgift2", "Uppgift2\Uppgift2.csproj", "{5D9CEE1F-DE54-4692-B845-F0A48B7ACF42}"
EndProject
Global
	GlobalSection(SolutionConfigurationPlatforms) = preSolution
		Debug|Any CPU = Debug|Any CPU
		Release|Any CPU = Release|Any CPU
	EndGlobalSection
	GlobalSection(ProjectConfigurationPlatforms) = postSolution
		{5D9CEE1F-DE54-4692-B845-F0A48B7ACF42}.Debug|Any CPU.ActiveCfg = Debug|Any CPU
		{5D9CEE1F-DE54-4692-B845-F0A48B7ACF42}.Debug|Any CPU.Build.0 = Debug|Any CPU
		{5D9CEE1F-DE54-4692-B845-F0A48B7ACF42}.Release|Any CPU.ActiveCfg = Release|Any CPU
		{5D9CEE1F-DE54-4692-B845-F0A48B7ACF42}.Release|Any CPU.Build.0 = Release|Any CPU
	EndGlobalSection
	GlobalSection(SolutionProperties) = preSolution
		HideSolutionNode = FALSE
	EndGlobalSection
	GlobalSection(ExtensibilityGlobals) = postSolution
		SolutionGuid = {14886B39-1476-4E09-B1A6-68B9AD6F1464}
	EndGlobalSection
EndGlobal
